// !$*UTF8*$!
{
	archiveVersion = 1;
	classes = {
	};
	objectVersion = 46;
	objects = {

/* Begin PBXBuildFile section */
		3F20EDB518036CDC00BF4653 /* RMRouterSpec.m in Sources */ = {isa = PBXBuildFile; fileRef = 3F20EDB418036CDC00BF4653 /* RMRouterSpec.m */; };
		3F20EDB818036E9200BF4653 /* RMRouter.m in Sources */ = {isa = PBXBuildFile; fileRef = 3F20EDB718036E9200BF4653 /* RMRouter.m */; };
		3F20EDBB180372A000BF4653 /* RMRoute.m in Sources */ = {isa = PBXBuildFile; fileRef = 3F20EDBA180372A000BF4653 /* RMRoute.m */; };
		3F20EDBE180372AB00BF4653 /* RMRouteSpec.m in Sources */ = {isa = PBXBuildFile; fileRef = 3F20EDBD180372AB00BF4653 /* RMRouteSpec.m */; };
		3F9C9FEA180369C5008797C8 /* Foundation.framework in Frameworks */ = {isa = PBXBuildFile; fileRef = 3F9C9FE9180369C5008797C8 /* Foundation.framework */; };
		3F9C9FEC180369C5008797C8 /* CoreGraphics.framework in Frameworks */ = {isa = PBXBuildFile; fileRef = 3F9C9FEB180369C5008797C8 /* CoreGraphics.framework */; };
		3F9C9FEE180369C5008797C8 /* UIKit.framework in Frameworks */ = {isa = PBXBuildFile; fileRef = 3F9C9FED180369C5008797C8 /* UIKit.framework */; };
		3F9C9FF4180369C5008797C8 /* InfoPlist.strings in Resources */ = {isa = PBXBuildFile; fileRef = 3F9C9FF2180369C5008797C8 /* InfoPlist.strings */; };
		3F9C9FF6180369C5008797C8 /* main.m in Sources */ = {isa = PBXBuildFile; fileRef = 3F9C9FF5180369C5008797C8 /* main.m */; };
		3F9C9FFA180369C5008797C8 /* RMAppDelegate.m in Sources */ = {isa = PBXBuildFile; fileRef = 3F9C9FF9180369C5008797C8 /* RMAppDelegate.m */; };
		3F9CA003180369C5008797C8 /* RMViewController.m in Sources */ = {isa = PBXBuildFile; fileRef = 3F9CA002180369C5008797C8 /* RMViewController.m */; };
		3F9CA005180369C5008797C8 /* Images.xcassets in Resources */ = {isa = PBXBuildFile; fileRef = 3F9CA004180369C5008797C8 /* Images.xcassets */; };
		3F9CA00C180369C5008797C8 /* XCTest.framework in Frameworks */ = {isa = PBXBuildFile; fileRef = 3F9CA00B180369C5008797C8 /* XCTest.framework */; };
		3F9CA00D180369C5008797C8 /* Foundation.framework in Frameworks */ = {isa = PBXBuildFile; fileRef = 3F9C9FE9180369C5008797C8 /* Foundation.framework */; };
		3F9CA00E180369C5008797C8 /* UIKit.framework in Frameworks */ = {isa = PBXBuildFile; fileRef = 3F9C9FED180369C5008797C8 /* UIKit.framework */; };
		3F9CA016180369C5008797C8 /* InfoPlist.strings in Resources */ = {isa = PBXBuildFile; fileRef = 3F9CA014180369C5008797C8 /* InfoPlist.strings */; };
		760E7B94591C47BDBEA6F8E3 /* libPods-RomeTests.a in Frameworks */ = {isa = PBXBuildFile; fileRef = 4B5816318CE146928DAC21D4 /* libPods-RomeTests.a */; };
/* End PBXBuildFile section */

/* Begin PBXContainerItemProxy section */
		3F9CA00F180369C5008797C8 /* PBXContainerItemProxy */ = {
			isa = PBXContainerItemProxy;
			containerPortal = 3F9C9FDE180369C5008797C8 /* Project object */;
			proxyType = 1;
			remoteGlobalIDString = 3F9C9FE5180369C5008797C8;
			remoteInfo = Rome;
		};
/* End PBXContainerItemProxy section */

/* Begin PBXFileReference section */
		3F20EDB418036CDC00BF4653 /* RMRouterSpec.m */ = {isa = PBXFileReference; fileEncoding = 4; lastKnownFileType = sourcecode.c.objc; path = RMRouterSpec.m; sourceTree = "<group>"; };
		3F20EDB618036E9200BF4653 /* RMRouter.h */ = {isa = PBXFileReference; fileEncoding = 4; lastKnownFileType = sourcecode.c.h; path = RMRouter.h; sourceTree = "<group>"; };
		3F20EDB718036E9200BF4653 /* RMRouter.m */ = {isa = PBXFileReference; fileEncoding = 4; lastKnownFileType = sourcecode.c.objc; path = RMRouter.m; sourceTree = "<group>"; };
		3F20EDB9180372A000BF4653 /* RMRoute.h */ = {isa = PBXFileReference; fileEncoding = 4; lastKnownFileType = sourcecode.c.h; path = RMRoute.h; sourceTree = "<group>"; };
		3F20EDBA180372A000BF4653 /* RMRoute.m */ = {isa = PBXFileReference; fileEncoding = 4; lastKnownFileType = sourcecode.c.objc; path = RMRoute.m; sourceTree = "<group>"; };
		3F20EDBD180372AB00BF4653 /* RMRouteSpec.m */ = {isa = PBXFileReference; fileEncoding = 4; lastKnownFileType = sourcecode.c.objc; path = RMRouteSpec.m; sourceTree = "<group>"; };
		3F9C9FE6180369C5008797C8 /* Rome.app */ = {isa = PBXFileReference; explicitFileType = wrapper.application; includeInIndex = 0; path = Rome.app; sourceTree = BUILT_PRODUCTS_DIR; };
		3F9C9FE9180369C5008797C8 /* Foundation.framework */ = {isa = PBXFileReference; lastKnownFileType = wrapper.framework; name = Foundation.framework; path = System/Library/Frameworks/Foundation.framework; sourceTree = SDKROOT; };
		3F9C9FEB180369C5008797C8 /* CoreGraphics.framework */ = {isa = PBXFileReference; lastKnownFileType = wrapper.framework; name = CoreGraphics.framework; path = System/Library/Frameworks/CoreGraphics.framework; sourceTree = SDKROOT; };
		3F9C9FED180369C5008797C8 /* UIKit.framework */ = {isa = PBXFileReference; lastKnownFileType = wrapper.framework; name = UIKit.framework; path = System/Library/Frameworks/UIKit.framework; sourceTree = SDKROOT; };
		3F9C9FF1180369C5008797C8 /* Rome-Info.plist */ = {isa = PBXFileReference; lastKnownFileType = text.plist.xml; path = "Rome-Info.plist"; sourceTree = "<group>"; };
		3F9C9FF3180369C5008797C8 /* en */ = {isa = PBXFileReference; lastKnownFileType = text.plist.strings; name = en; path = en.lproj/InfoPlist.strings; sourceTree = "<group>"; };
		3F9C9FF5180369C5008797C8 /* main.m */ = {isa = PBXFileReference; lastKnownFileType = sourcecode.c.objc; path = main.m; sourceTree = "<group>"; };
		3F9C9FF7180369C5008797C8 /* Rome-Prefix.pch */ = {isa = PBXFileReference; lastKnownFileType = sourcecode.c.h; path = "Rome-Prefix.pch"; sourceTree = "<group>"; };
		3F9C9FF8180369C5008797C8 /* RMAppDelegate.h */ = {isa = PBXFileReference; lastKnownFileType = sourcecode.c.h; path = RMAppDelegate.h; sourceTree = "<group>"; };
		3F9C9FF9180369C5008797C8 /* RMAppDelegate.m */ = {isa = PBXFileReference; lastKnownFileType = sourcecode.c.objc; path = RMAppDelegate.m; sourceTree = "<group>"; };
		3F9CA001180369C5008797C8 /* RMViewController.h */ = {isa = PBXFileReference; lastKnownFileType = sourcecode.c.h; path = RMViewController.h; sourceTree = "<group>"; };
		3F9CA002180369C5008797C8 /* RMViewController.m */ = {isa = PBXFileReference; lastKnownFileType = sourcecode.c.objc; path = RMViewController.m; sourceTree = "<group>"; };
		3F9CA004180369C5008797C8 /* Images.xcassets */ = {isa = PBXFileReference; lastKnownFileType = folder.assetcatalog; path = Images.xcassets; sourceTree = "<group>"; };
		3F9CA00A180369C5008797C8 /* RomeTests.xctest */ = {isa = PBXFileReference; explicitFileType = wrapper.cfbundle; includeInIndex = 0; path = RomeTests.xctest; sourceTree = BUILT_PRODUCTS_DIR; };
		3F9CA00B180369C5008797C8 /* XCTest.framework */ = {isa = PBXFileReference; lastKnownFileType = wrapper.framework; name = XCTest.framework; path = Library/Frameworks/XCTest.framework; sourceTree = DEVELOPER_DIR; };
		3F9CA013180369C5008797C8 /* RomeTests-Info.plist */ = {isa = PBXFileReference; lastKnownFileType = text.plist.xml; path = "RomeTests-Info.plist"; sourceTree = "<group>"; };
		3F9CA015180369C5008797C8 /* en */ = {isa = PBXFileReference; lastKnownFileType = text.plist.strings; name = en; path = en.lproj/InfoPlist.strings; sourceTree = "<group>"; };
		4B5816318CE146928DAC21D4 /* libPods-RomeTests.a */ = {isa = PBXFileReference; explicitFileType = archive.ar; includeInIndex = 0; path = "libPods-RomeTests.a"; sourceTree = BUILT_PRODUCTS_DIR; };
		A268CE1F9C114A0E8A4A5A17 /* Pods-RomeTests.xcconfig */ = {isa = PBXFileReference; includeInIndex = 1; lastKnownFileType = text.xcconfig; name = "Pods-RomeTests.xcconfig"; path = "Pods/Pods-RomeTests.xcconfig"; sourceTree = "<group>"; };
/* End PBXFileReference section */

/* Begin PBXFrameworksBuildPhase section */
		3F9C9FE3180369C5008797C8 /* Frameworks */ = {
			isa = PBXFrameworksBuildPhase;
			buildActionMask = 2147483647;
			files = (
				3F9C9FEC180369C5008797C8 /* CoreGraphics.framework in Frameworks */,
				3F9C9FEE180369C5008797C8 /* UIKit.framework in Frameworks */,
				3F9C9FEA180369C5008797C8 /* Foundation.framework in Frameworks */,
			);
			runOnlyForDeploymentPostprocessing = 0;
		};
		3F9CA007180369C5008797C8 /* Frameworks */ = {
			isa = PBXFrameworksBuildPhase;
			buildActionMask = 2147483647;
			files = (
				3F9CA00C180369C5008797C8 /* XCTest.framework in Frameworks */,
				3F9CA00E180369C5008797C8 /* UIKit.framework in Frameworks */,
				3F9CA00D180369C5008797C8 /* Foundation.framework in Frameworks */,
				760E7B94591C47BDBEA6F8E3 /* libPods-RomeTests.a in Frameworks */,
			);
			runOnlyForDeploymentPostprocessing = 0;
		};
/* End PBXFrameworksBuildPhase section */

/* Begin PBXGroup section */
		3F9C9FDD180369C5008797C8 = {
			isa = PBXGroup;
			children = (
				3F9C9FEF180369C5008797C8 /* Rome */,
				3F9CA011180369C5008797C8 /* RomeTests */,
				3F9C9FE8180369C5008797C8 /* Frameworks */,
				3F9C9FE7180369C5008797C8 /* Products */,
				A268CE1F9C114A0E8A4A5A17 /* Pods-RomeTests.xcconfig */,
			);
			sourceTree = "<group>";
		};
		3F9C9FE7180369C5008797C8 /* Products */ = {
			isa = PBXGroup;
			children = (
				3F9C9FE6180369C5008797C8 /* Rome.app */,
				3F9CA00A180369C5008797C8 /* RomeTests.xctest */,
			);
			name = Products;
			sourceTree = "<group>";
		};
		3F9C9FE8180369C5008797C8 /* Frameworks */ = {
			isa = PBXGroup;
			children = (
				3F9C9FE9180369C5008797C8 /* Foundation.framework */,
				3F9C9FEB180369C5008797C8 /* CoreGraphics.framework */,
				3F9C9FED180369C5008797C8 /* UIKit.framework */,
				3F9CA00B180369C5008797C8 /* XCTest.framework */,
				4B5816318CE146928DAC21D4 /* libPods-RomeTests.a */,
			);
			name = Frameworks;
			sourceTree = "<group>";
		};
		3F9C9FEF180369C5008797C8 /* Rome */ = {
			isa = PBXGroup;
			children = (
				3F9C9FF8180369C5008797C8 /* RMAppDelegate.h */,
				3F9C9FF9180369C5008797C8 /* RMAppDelegate.m */,
				3F9CA001180369C5008797C8 /* RMViewController.h */,
				3F9CA002180369C5008797C8 /* RMViewController.m */,
				3F9CA004180369C5008797C8 /* Images.xcassets */,
				3F9C9FF0180369C5008797C8 /* Supporting Files */,
				3F20EDB618036E9200BF4653 /* RMRouter.h */,
				3F20EDB718036E9200BF4653 /* RMRouter.m */,
				3F20EDB9180372A000BF4653 /* RMRoute.h */,
				3F20EDBA180372A000BF4653 /* RMRoute.m */,
			);
			path = Rome;
			sourceTree = "<group>";
		};
		3F9C9FF0180369C5008797C8 /* Supporting Files */ = {
			isa = PBXGroup;
			children = (
				3F9C9FF1180369C5008797C8 /* Rome-Info.plist */,
				3F9C9FF2180369C5008797C8 /* InfoPlist.strings */,
				3F9C9FF5180369C5008797C8 /* main.m */,
				3F9C9FF7180369C5008797C8 /* Rome-Prefix.pch */,
			);
			name = "Supporting Files";
			sourceTree = "<group>";
		};
		3F9CA011180369C5008797C8 /* RomeTests */ = {
			isa = PBXGroup;
			children = (
				3F9CA012180369C5008797C8 /* Supporting Files */,
				3F20EDB418036CDC00BF4653 /* RMRouterSpec.m */,
				3F20EDBD180372AB00BF4653 /* RMRouteSpec.m */,
			);
			path = RomeTests;
			sourceTree = "<group>";
		};
		3F9CA012180369C5008797C8 /* Supporting Files */ = {
			isa = PBXGroup;
			children = (
				3F9CA013180369C5008797C8 /* RomeTests-Info.plist */,
				3F9CA014180369C5008797C8 /* InfoPlist.strings */,
			);
			name = "Supporting Files";
			sourceTree = "<group>";
		};
/* End PBXGroup section */

/* Begin PBXNativeTarget section */
		3F9C9FE5180369C5008797C8 /* Rome */ = {
			isa = PBXNativeTarget;
			buildConfigurationList = 3F9CA01B180369C5008797C8 /* Build configuration list for PBXNativeTarget "Rome" */;
			buildPhases = (
				3F9C9FE2180369C5008797C8 /* Sources */,
				3F9C9FE3180369C5008797C8 /* Frameworks */,
				3F9C9FE4180369C5008797C8 /* Resources */,
			);
			buildRules = (
			);
			dependencies = (
			);
			name = Rome;
			productName = Rome;
			productReference = 3F9C9FE6180369C5008797C8 /* Rome.app */;
			productType = "com.apple.product-type.application";
		};
		3F9CA009180369C5008797C8 /* RomeTests */ = {
			isa = PBXNativeTarget;
			buildConfigurationList = 3F9CA01E180369C5008797C8 /* Build configuration list for PBXNativeTarget "RomeTests" */;
			buildPhases = (
				875F1AA4014D41F29426ABB6 /* Check Pods Manifest.lock */,
				3F9CA006180369C5008797C8 /* Sources */,
				3F9CA007180369C5008797C8 /* Frameworks */,
				3F9CA008180369C5008797C8 /* Resources */,
				BB407917FDC841FBAC61ECBC /* Copy Pods Resources */,
			);
			buildRules = (
			);
			dependencies = (
				3F9CA010180369C5008797C8 /* PBXTargetDependency */,
			);
			name = RomeTests;
			productName = RomeTests;
			productReference = 3F9CA00A180369C5008797C8 /* RomeTests.xctest */;
			productType = "com.apple.product-type.bundle.unit-test";
		};
/* End PBXNativeTarget section */

/* Begin PBXProject section */
		3F9C9FDE180369C5008797C8 /* Project object */ = {
			isa = PBXProject;
			attributes = {
				CLASSPREFIX = RM;
				LastUpgradeCheck = 0500;
				ORGANIZATIONNAME = mokagio;
				TargetAttributes = {
					3F9CA009180369C5008797C8 = {
						TestTargetID = 3F9C9FE5180369C5008797C8;
					};
				};
			};
			buildConfigurationList = 3F9C9FE1180369C5008797C8 /* Build configuration list for PBXProject "Rome" */;
			compatibilityVersion = "Xcode 3.2";
			developmentRegion = English;
			hasScannedForEncodings = 0;
			knownRegions = (
				en,
				Base,
			);
			mainGroup = 3F9C9FDD180369C5008797C8;
			productRefGroup = 3F9C9FE7180369C5008797C8 /* Products */;
			projectDirPath = "";
			projectRoot = "";
			targets = (
				3F9C9FE5180369C5008797C8 /* Rome */,
				3F9CA009180369C5008797C8 /* RomeTests */,
			);
		};
/* End PBXProject section */

/* Begin PBXResourcesBuildPhase section */
		3F9C9FE4180369C5008797C8 /* Resources */ = {
			isa = PBXResourcesBuildPhase;
			buildActionMask = 2147483647;
			files = (
				3F9CA005180369C5008797C8 /* Images.xcassets in Resources */,
				3F9C9FF4180369C5008797C8 /* InfoPlist.strings in Resources */,
			);
			runOnlyForDeploymentPostprocessing = 0;
		};
		3F9CA008180369C5008797C8 /* Resources */ = {
			isa = PBXResourcesBuildPhase;
			buildActionMask = 2147483647;
			files = (
				3F9CA016180369C5008797C8 /* InfoPlist.strings in Resources */,
			);
			runOnlyForDeploymentPostprocessing = 0;
		};
/* End PBXResourcesBuildPhase section */

/* Begin PBXShellScriptBuildPhase section */
		875F1AA4014D41F29426ABB6 /* Check Pods Manifest.lock */ = {
			isa = PBXShellScriptBuildPhase;
			buildActionMask = 2147483647;
			files = (
			);
			inputPaths = (
			);
			name = "Check Pods Manifest.lock";
			outputPaths = (
			);
			runOnlyForDeploymentPostprocessing = 0;
			shellPath = /bin/sh;
			shellScript = "diff \"${PODS_ROOT}/../Podfile.lock\" \"${PODS_ROOT}/Manifest.lock\" > /dev/null\nif [[ $? != 0 ]] ; then\n    cat << EOM\nerror: The sandbox is not in sync with the Podfile.lock. Run 'pod install' or update your CocoaPods installation.\nEOM\n    exit 1\nfi\n";
			showEnvVarsInLog = 0;
		};
		BB407917FDC841FBAC61ECBC /* Copy Pods Resources */ = {
			isa = PBXShellScriptBuildPhase;
			buildActionMask = 2147483647;
			files = (
			);
			inputPaths = (
			);
			name = "Copy Pods Resources";
			outputPaths = (
			);
			runOnlyForDeploymentPostprocessing = 0;
			shellPath = /bin/sh;
			shellScript = "\"${SRCROOT}/Pods/Pods-RomeTests-resources.sh\"\n";
			showEnvVarsInLog = 0;
		};
/* End PBXShellScriptBuildPhase section */

/* Begin PBXSourcesBuildPhase section */
		3F9C9FE2180369C5008797C8 /* Sources */ = {
			isa = PBXSourcesBuildPhase;
			buildActionMask = 2147483647;
			files = (
				3F9C9FF6180369C5008797C8 /* main.m in Sources */,
				3F20EDB818036E9200BF4653 /* RMRouter.m in Sources */,
				3F9C9FFA180369C5008797C8 /* RMAppDelegate.m in Sources */,
				3F20EDBB180372A000BF4653 /* RMRoute.m in Sources */,
				3F9CA003180369C5008797C8 /* RMViewController.m in Sources */,
			);
			runOnlyForDeploymentPostprocessing = 0;
		};
		3F9CA006180369C5008797C8 /* Sources */ = {
			isa = PBXSourcesBuildPhase;
			buildActionMask = 2147483647;
			files = (
				3F20EDB518036CDC00BF4653 /* RMRouterSpec.m in Sources */,
				3F20EDBE180372AB00BF4653 /* RMRouteSpec.m in Sources */,
			);
			runOnlyForDeploymentPostprocessing = 0;
		};
/* End PBXSourcesBuildPhase section */

/* Begin PBXTargetDependency section */
		3F9CA010180369C5008797C8 /* PBXTargetDependency */ = {
			isa = PBXTargetDependency;
			target = 3F9C9FE5180369C5008797C8 /* Rome */;
			targetProxy = 3F9CA00F180369C5008797C8 /* PBXContainerItemProxy */;
		};
/* End PBXTargetDependency section */

/* Begin PBXVariantGroup section */
		3F9C9FF2180369C5008797C8 /* InfoPlist.strings */ = {
			isa = PBXVariantGroup;
			children = (
				3F9C9FF3180369C5008797C8 /* en */,
			);
			name = InfoPlist.strings;
			sourceTree = "<group>";
		};
		3F9CA014180369C5008797C8 /* InfoPlist.strings */ = {
			isa = PBXVariantGroup;
			children = (
				3F9CA015180369C5008797C8 /* en */,
			);
			name = InfoPlist.strings;
			sourceTree = "<group>";
		};
/* End PBXVariantGroup section */

/* Begin XCBuildConfiguration section */
		3F9CA019180369C5008797C8 /* Debug */ = {
			isa = XCBuildConfiguration;
			buildSettings = {
				ALWAYS_SEARCH_USER_PATHS = NO;
				ARCHS = "$(ARCHS_STANDARD_INCLUDING_64_BIT)";
				CLANG_CXX_LANGUAGE_STANDARD = "gnu++0x";
				CLANG_CXX_LIBRARY = "libc++";
				CLANG_ENABLE_MODULES = YES;
				CLANG_ENABLE_OBJC_ARC = YES;
				CLANG_WARN_BOOL_CONVERSION = YES;
				CLANG_WARN_CONSTANT_CONVERSION = YES;
				CLANG_WARN_DIRECT_OBJC_ISA_USAGE = YES_ERROR;
				CLANG_WARN_EMPTY_BODY = YES;
				CLANG_WARN_ENUM_CONVERSION = YES;
				CLANG_WARN_INT_CONVERSION = YES;
				CLANG_WARN_OBJC_ROOT_CLASS = YES_ERROR;
				CLANG_WARN__DUPLICATE_METHOD_MATCH = YES;
				"CODE_SIGN_IDENTITY[sdk=iphoneos*]" = "iPhone Developer";
				COPY_PHASE_STRIP = NO;
				GCC_C_LANGUAGE_STANDARD = gnu99;
				GCC_DYNAMIC_NO_PIC = NO;
				GCC_OPTIMIZATION_LEVEL = 0;
				GCC_PREPROCESSOR_DEFINITIONS = (
					"DEBUG=1",
					"$(inherited)",
				);
				GCC_SYMBOLS_PRIVATE_EXTERN = NO;
				GCC_WARN_64_TO_32_BIT_CONVERSION = YES;
				GCC_WARN_ABOUT_RETURN_TYPE = YES_ERROR;
				GCC_WARN_UNDECLARED_SELECTOR = YES;
				GCC_WARN_UNINITIALIZED_AUTOS = YES;
				GCC_WARN_UNUSED_FUNCTION = YES;
				GCC_WARN_UNUSED_VARIABLE = YES;
				IPHONEOS_DEPLOYMENT_TARGET = 7.0;
				ONLY_ACTIVE_ARCH = YES;
				SDKROOT = iphoneos;
				TARGETED_DEVICE_FAMILY = "1,2";
			};
			name = Debug;
		};
		3F9CA01A180369C5008797C8 /* Release */ = {
			isa = XCBuildConfiguration;
			buildSettings = {
				ALWAYS_SEARCH_USER_PATHS = NO;
				ARCHS = "$(ARCHS_STANDARD_INCLUDING_64_BIT)";
				CLANG_CXX_LANGUAGE_STANDARD = "gnu++0x";
				CLANG_CXX_LIBRARY = "libc++";
				CLANG_ENABLE_MODULES = YES;
				CLANG_ENABLE_OBJC_ARC = YES;
				CLANG_WARN_BOOL_CONVERSION = YES;
				CLANG_WARN_CONSTANT_CONVERSION = YES;
				CLANG_WARN_DIRECT_OBJC_ISA_USAGE = YES_ERROR;
				CLANG_WARN_EMPTY_BODY = YES;
				CLANG_WARN_ENUM_CONVERSION = YES;
				CLANG_WARN_INT_CONVERSION = YES;
				CLANG_WARN_OBJC_ROOT_CLASS = YES_ERROR;
				CLANG_WARN__DUPLICATE_METHOD_MATCH = YES;
				"CODE_SIGN_IDENTITY[sdk=iphoneos*]" = "iPhone Developer";
				COPY_PHASE_STRIP = YES;
				ENABLE_NS_ASSERTIONS = NO;
				GCC_C_LANGUAGE_STANDARD = gnu99;
				GCC_WARN_64_TO_32_BIT_CONVERSION = YES;
				GCC_WARN_ABOUT_RETURN_TYPE = YES_ERROR;
				GCC_WARN_UNDECLARED_SELECTOR = YES;
				GCC_WARN_UNINITIALIZED_AUTOS = YES;
				GCC_WARN_UNUSED_FUNCTION = YES;
				GCC_WARN_UNUSED_VARIABLE = YES;
				IPHONEOS_DEPLOYMENT_TARGET = 7.0;
				SDKROOT = iphoneos;
				TARGETED_DEVICE_FAMILY = "1,2";
				VALIDATE_PRODUCT = YES;
			};
			name = Release;
		};
		3F9CA01C180369C5008797C8 /* Debug */ = {
			isa = XCBuildConfiguration;
			buildSettings = {
				ASSETCATALOG_COMPILER_APPICON_NAME = AppIcon;
				ASSETCATALOG_COMPILER_LAUNCHIMAGE_NAME = LaunchImage;
				GCC_PRECOMPILE_PREFIX_HEADER = YES;
				GCC_PREFIX_HEADER = "Rome/Rome-Prefix.pch";
				INFOPLIST_FILE = "Rome/Rome-Info.plist";
				PRODUCT_NAME = "$(TARGET_NAME)";
				WRAPPER_EXTENSION = app;
			};
			name = Debug;
		};
		3F9CA01D180369C5008797C8 /* Release */ = {
			isa = XCBuildConfiguration;
			buildSettings = {
				ASSETCATALOG_COMPILER_APPICON_NAME = AppIcon;
				ASSETCATALOG_COMPILER_LAUNCHIMAGE_NAME = LaunchImage;
				GCC_PRECOMPILE_PREFIX_HEADER = YES;
				GCC_PREFIX_HEADER = "Rome/Rome-Prefix.pch";
				INFOPLIST_FILE = "Rome/Rome-Info.plist";
				PRODUCT_NAME = "$(TARGET_NAME)";
				WRAPPER_EXTENSION = app;
			};
			name = Release;
		};
		3F9CA01F180369C5008797C8 /* Debug */ = {
			isa = XCBuildConfiguration;
			baseConfigurationReference = A268CE1F9C114A0E8A4A5A17 /* Pods-RomeTests.xcconfig */;
			buildSettings = {
				ARCHS = "$(ARCHS_STANDARD_INCLUDING_64_BIT)";
				BUNDLE_LOADER = "$(BUILT_PRODUCTS_DIR)/Rome.app/Rome";
				FRAMEWORK_SEARCH_PATHS = (
					"$(SDKROOT)/Developer/Library/Frameworks",
					"$(inherited)",
					"$(DEVELOPER_FRAMEWORKS_DIR)",
				);
				GCC_PRECOMPILE_PREFIX_HEADER = YES;
				GCC_PREFIX_HEADER = "Rome/Rome-Prefix.pch";
				GCC_PREPROCESSOR_DEFINITIONS = (
					"DEBUG=1",
					"$(inherited)",
				);
				INFOPLIST_FILE = "RomeTests/RomeTests-Info.plist";
				PRODUCT_NAME = "$(TARGET_NAME)";
				TEST_HOST = "$(BUNDLE_LOADER)";
				WRAPPER_EXTENSION = xctest;
			};
			name = Debug;
		};
		3F9CA020180369C5008797C8 /* Release */ = {
			isa = XCBuildConfiguration;
			baseConfigurationReference = A268CE1F9C114A0E8A4A5A17 /* Pods-RomeTests.xcconfig */;
			buildSettings = {
				ARCHS = "$(ARCHS_STANDARD_INCLUDING_64_BIT)";
				BUNDLE_LOADER = "$(BUILT_PRODUCTS_DIR)/Rome.app/Rome";
				FRAMEWORK_SEARCH_PATHS = (
					"$(SDKROOT)/Developer/Library/Frameworks",
					"$(inherited)",
					"$(DEVELOPER_FRAMEWORKS_DIR)",
				);
				GCC_PRECOMPILE_PREFIX_HEADER = YES;
				GCC_PREFIX_HEADER = "Rome/Rome-Prefix.pch";
				INFOPLIST_FILE = "RomeTests/RomeTests-Info.plist";
				PRODUCT_NAME = "$(TARGET_NAME)";
				TEST_HOST = "$(BUNDLE_LOADER)";
				WRAPPER_EXTENSION = xctest;
			};
			name = Release;
		};
/* End XCBuildConfiguration section */

/* Begin XCConfigurationList section */
		3F9C9FE1180369C5008797C8 /* Build configuration list for PBXProject "Rome" */ = {
			isa = XCConfigurationList;
			buildConfigurations = (
				3F9CA019180369C5008797C8 /* Debug */,
				3F9CA01A180369C5008797C8 /* Release */,
			);
			defaultConfigurationIsVisible = 0;
			defaultConfigurationName = Release;
		};
		3F9CA01B180369C5008797C8 /* Build configuration list for PBXNativeTarget "Rome" */ = {
			isa = XCConfigurationList;
			buildConfigurations = (
				3F9CA01C180369C5008797C8 /* Debug */,
				3F9CA01D180369C5008797C8 /* Release */,
			);
			defaultConfigurationIsVisible = 0;
			defaultConfigurationName = Release;
		};
		3F9CA01E180369C5008797C8 /* Build configuration list for PBXNativeTarget "RomeTests" */ = {
			isa = XCConfigurationList;
			buildConfigurations = (
				3F9CA01F180369C5008797C8 /* Debug */,
				3F9CA020180369C5008797C8 /* Release */,
			);
			defaultConfigurationIsVisible = 0;
			defaultConfigurationName = Release;
		};
/* End XCConfigurationList section */
	};
	rootObject = 3F9C9FDE180369C5008797C8 /* Project object */;
}
